
Microsoft Visual Studio Solution File, Format Version 12.00
# Visual Studio Version 17
VisualStudioVersion = 17.8.34309.116
MinimumVisualStudioVersion = 10.0.40219.1
Project("{FAE04EC0-301F-11D3-BF4B-00C04F79EFBC}") = "Project_menegment_tools", "Project menegment tools\Project_menegment_tools.csproj", "{BE48B5E4-A85E-44FA-A70F-1A42FCB15929}"
EndProject
Global
	GlobalSection(SolutionConfigurationPlatforms) = preSolution
		Debug|Any CPU = Debug|Any CPU
		Release|Any CPU = Release|Any CPU
	EndGlobalSection
	GlobalSection(ProjectConfigurationPlatforms) = postSolution
		{BE48B5E4-A85E-44FA-A70F-1A42FCB15929}.Debug|Any CPU.ActiveCfg = Debug|Any CPU
		{BE48B5E4-A85E-44FA-A70F-1A42FCB15929}.Debug|Any CPU.Build.0 = Debug|Any CPU
		{BE48B5E4-A85E-44FA-A70F-1A42FCB15929}.Release|Any CPU.ActiveCfg = Release|Any CPU
		{BE48B5E4-A85E-44FA-A70F-1A42FCB15929}.Release|Any CPU.Build.0 = Release|Any CPU
	EndGlobalSection
	GlobalSection(SolutionProperties) = preSolution
		HideSolutionNode = FALSE
	EndGlobalSection
	GlobalSection(ExtensibilityGlobals) = postSolution
		SolutionGuid = {169D5557-ACB2-4A21-9234-F66F172C661C}
	EndGlobalSection
EndGlobal
